
Microsoft Visual Studio Solution File, Format Version 12.00
# Visual Studio Version 16
VisualStudioVersion = 16.0.31019.35
MinimumVisualStudioVersion = 10.0.40219.1
Project("{FAE04EC0-301F-11D3-BF4B-00C04F79EFBC}") = "TcpService", "TcpService\TcpService.csproj", "{66030CBC-E731-4571-A693-5BB3D08E8192}"
EndProject
Project("{FAE04EC0-301F-11D3-BF4B-00C04F79EFBC}") = "FileSocketServiceDemo", "FileSocketService\FileSocketServiceDemo.csproj", "{E3E09BD9-6BF6-42BB-9F11-D5887145D939}"
EndProject
Project("{FAE04EC0-301F-11D3-BF4B-00C04F79EFBC}") = "RPCServiceDemo", "RPCService\RPCServiceDemo.csproj", "{943CE0BE-C44D-4918-AA46-A60A1D0D7FEA}"
EndProject
Global
	GlobalSection(SolutionConfigurationPlatforms) = preSolution
		Debug|Any CPU = Debug|Any CPU
		Release|Any CPU = Release|Any CPU
	EndGlobalSection
	GlobalSection(ProjectConfigurationPlatforms) = postSolution
		{66030CBC-E731-4571-A693-5BB3D08E8192}.Debug|Any CPU.ActiveCfg = Debug|Any CPU
		{66030CBC-E731-4571-A693-5BB3D08E8192}.Debug|Any CPU.Build.0 = Debug|Any CPU
		{66030CBC-E731-4571-A693-5BB3D08E8192}.Release|Any CPU.ActiveCfg = Release|Any CPU
		{66030CBC-E731-4571-A693-5BB3D08E8192}.Release|Any CPU.Build.0 = Release|Any CPU
		{E3E09BD9-6BF6-42BB-9F11-D5887145D939}.Debug|Any CPU.ActiveCfg = Debug|Any CPU
		{E3E09BD9-6BF6-42BB-9F11-D5887145D939}.Debug|Any CPU.Build.0 = Debug|Any CPU
		{E3E09BD9-6BF6-42BB-9F11-D5887145D939}.Release|Any CPU.ActiveCfg = Release|Any CPU
		{E3E09BD9-6BF6-42BB-9F11-D5887145D939}.Release|Any CPU.Build.0 = Release|Any CPU
		{943CE0BE-C44D-4918-AA46-A60A1D0D7FEA}.Debug|Any CPU.ActiveCfg = Debug|Any CPU
		{943CE0BE-C44D-4918-AA46-A60A1D0D7FEA}.Debug|Any CPU.Build.0 = Debug|Any CPU
		{943CE0BE-C44D-4918-AA46-A60A1D0D7FEA}.Release|Any CPU.ActiveCfg = Release|Any CPU
		{943CE0BE-C44D-4918-AA46-A60A1D0D7FEA}.Release|Any CPU.Build.0 = Release|Any CPU
	EndGlobalSection
	GlobalSection(SolutionProperties) = preSolution
		HideSolutionNode = FALSE
	EndGlobalSection
	GlobalSection(ExtensibilityGlobals) = postSolution
		SolutionGuid = {5BB08AC0-8102-4AFB-BA22-F13EDD701E07}
	EndGlobalSection
EndGlobal
